
Microsoft Visual Studio Solution File, Format Version 12.00
# Visual Studio Version 16
VisualStudioVersion = 16.0.30621.155
MinimumVisualStudioVersion = 10.0.40219.1
Project("{FAE04EC0-301F-11D3-BF4B-00C04F79EFBC}") = "WindowsForms Assignment5", "WindowsForms Assignment5.csproj", "{42F65D3A-D955-41AB-BEDB-C2728520897A}"
EndProject
Global
	GlobalSection(SolutionConfigurationPlatforms) = preSolution
		Debug|Any CPU = Debug|Any CPU
		Release|Any CPU = Release|Any CPU
	EndGlobalSection
	GlobalSection(ProjectConfigurationPlatforms) = postSolution
		{42F65D3A-D955-41AB-BEDB-C2728520897A}.Debug|Any CPU.ActiveCfg = Debug|Any CPU
		{42F65D3A-D955-41AB-BEDB-C2728520897A}.Debug|Any CPU.Build.0 = Debug|Any CPU
		{42F65D3A-D955-41AB-BEDB-C2728520897A}.Release|Any CPU.ActiveCfg = Release|Any CPU
		{42F65D3A-D955-41AB-BEDB-C2728520897A}.Release|Any CPU.Build.0 = Release|Any CPU
	EndGlobalSection
	GlobalSection(SolutionProperties) = preSolution
		HideSolutionNode = FALSE
	EndGlobalSection
	GlobalSection(ExtensibilityGlobals) = postSolution
		SolutionGuid = {B1ACA111-9A65-4AB6-8240-DB4577E97FD1}
	EndGlobalSection
EndGlobal
